// !$*UTF8*$!
{
	archiveVersion = 1;
	classes = {
	};
	objectVersion = 50;
	objects = {

/* Begin PBXBuildFile section */
		CF5EDAEA24DC8C5900B74E14 /* AppDelegate.swift in Sources */ = {isa = PBXBuildFile; fileRef = CF5EDAE924DC8C5900B74E14 /* AppDelegate.swift */; };
		CF5EDAEC24DC8C5900B74E14 /* SceneDelegate.swift in Sources */ = {isa = PBXBuildFile; fileRef = CF5EDAEB24DC8C5900B74E14 /* SceneDelegate.swift */; };
		CF5EDAEE24DC8C5900B74E14 /* ViewController.swift in Sources */ = {isa = PBXBuildFile; fileRef = CF5EDAED24DC8C5900B74E14 /* ViewController.swift */; };
		CF5EDAF124DC8C5900B74E14 /* Main.storyboard in Resources */ = {isa = PBXBuildFile; fileRef = CF5EDAEF24DC8C5900B74E14 /* Main.storyboard */; };
		CF5EDAF324DC8C5B00B74E14 /* Assets.xcassets in Resources */ = {isa = PBXBuildFile; fileRef = CF5EDAF224DC8C5B00B74E14 /* Assets.xcassets */; };
		CF5EDAF624DC8C5B00B74E14 /* LaunchScreen.storyboard in Resources */ = {isa = PBXBuildFile; fileRef = CF5EDAF424DC8C5B00B74E14 /* LaunchScreen.storyboard */; };
		CF5EDAFE24DC8CC100B74E14 /* secondViewController.swift in Sources */ = {isa = PBXBuildFile; fileRef = CF5EDAFD24DC8CC100B74E14 /* secondViewController.swift */; };
		CF5EDB0024DC8CE900B74E14 /* thirdViewController.swift in Sources */ = {isa = PBXBuildFile; fileRef = CF5EDAFF24DC8CE900B74E14 /* thirdViewController.swift */; };
/* End PBXBuildFile section */

/* Begin PBXFileReference section */
		CF5EDAE624DC8C5900B74E14 /* Mini Project Dos.app */ = {isa = PBXFileReference; explicitFileType = wrapper.application; includeInIndex = 0; path = "Mini Project Dos.app"; sourceTree = BUILT_PRODUCTS_DIR; };
		CF5EDAE924DC8C5900B74E14 /* AppDelegate.swift */ = {isa = PBXFileReference; lastKnownFileType = sourcecode.swift; path = AppDelegate.swift; sourceTree = "<group>"; };
		CF5EDAEB24DC8C5900B74E14 /* SceneDelegate.swift */ = {isa = PBXFileReference; lastKnownFileType = sourcecode.swift; path = SceneDelegate.swift; sourceTree = "<group>"; };
		CF5EDAED24DC8C5900B74E14 /* ViewController.swift */ = {isa = PBXFileReference; lastKnownFileType = sourcecode.swift; path = ViewController.swift; sourceTree = "<group>"; };
		CF5EDAF024DC8C5900B74E14 /* Base */ = {isa = PBXFileReference; lastKnownFileType = file.storyboard; name = Base; path = Base.lproj/Main.storyboard; sourceTree = "<group>"; };
		CF5EDAF224DC8C5B00B74E14 /* Assets.xcassets */ = {isa = PBXFileReference; lastKnownFileType = folder.assetcatalog; path = Assets.xcassets; sourceTree = "<group>"; };
		CF5EDAF524DC8C5B00B74E14 /* Base */ = {isa = PBXFileReference; lastKnownFileType = file.storyboard; name = Base; path = Base.lproj/LaunchScreen.storyboard; sourceTree = "<group>"; };
		CF5EDAF724DC8C5B00B74E14 /* Info.plist */ = {isa = PBXFileReference; lastKnownFileType = text.plist.xml; path = Info.plist; sourceTree = "<group>"; };
		CF5EDAFD24DC8CC100B74E14 /* secondViewController.swift */ = {isa = PBXFileReference; lastKnownFileType = sourcecode.swift; path = secondViewController.swift; sourceTree = "<group>"; };
		CF5EDAFF24DC8CE900B74E14 /* thirdViewController.swift */ = {isa = PBXFileReference; lastKnownFileType = sourcecode.swift; path = thirdViewController.swift; sourceTree = "<group>"; };
/* End PBXFileReference section */

/* Begin PBXFrameworksBuildPhase section */
		CF5EDAE324DC8C5900B74E14 /* Frameworks */ = {
			isa = PBXFrameworksBuildPhase;
			buildActionMask = 2147483647;
			files = (
			);
			runOnlyForDeploymentPostprocessing = 0;
		};
/* End PBXFrameworksBuildPhase section */

/* Begin PBXGroup section */
		CF5EDADD24DC8C5900B74E14 = {
			isa = PBXGroup;
			children = (
				CF5EDAE824DC8C5900B74E14 /* Mini Project Dos */,
				CF5EDAE724DC8C5900B74E14 /* Products */,
			);
			sourceTree = "<group>";
		};
		CF5EDAE724DC8C5900B74E14 /* Products */ = {
			isa = PBXGroup;
			children = (
				CF5EDAE624DC8C5900B74E14 /* Mini Project Dos.app */,
			);
			name = Products;
			sourceTree = "<group>";
		};
		CF5EDAE824DC8C5900B74E14 /* Mini Project Dos */ = {
			isa = PBXGroup;
			children = (
				CF5EDAE924DC8C5900B74E14 /* AppDelegate.swift */,
				CF5EDAEB24DC8C5900B74E14 /* SceneDelegate.swift */,
				CF5EDAED24DC8C5900B74E14 /* ViewController.swift */,
				CF5EDAEF24DC8C5900B74E14 /* Main.storyboard */,
				CF5EDAFF24DC8CE900B74E14 /* thirdViewController.swift */,
				CF5EDAFD24DC8CC100B74E14 /* secondViewController.swift */,
				CF5EDAF224DC8C5B00B74E14 /* Assets.xcassets */,
				CF5EDAF424DC8C5B00B74E14 /* LaunchScreen.storyboard */,
				CF5EDAF724DC8C5B00B74E14 /* Info.plist */,
			);
			path = "Mini Project Dos";
			sourceTree = "<group>";
		};
/* End PBXGroup section */

/* Begin PBXNativeTarget section */
		CF5EDAE524DC8C5900B74E14 /* Mini Project Dos */ = {
			isa = PBXNativeTarget;
			buildConfigurationList = CF5EDAFA24DC8C5B00B74E14 /* Build configuration list for PBXNativeTarget "Mini Project Dos" */;
			buildPhases = (
				CF5EDAE224DC8C5900B74E14 /* Sources */,
				CF5EDAE324DC8C5900B74E14 /* Frameworks */,
				CF5EDAE424DC8C5900B74E14 /* Resources */,
			);
			buildRules = (
			);
			dependencies = (
			);
			name = "Mini Project Dos";
			productName = "Mini Project Dos";
			productReference = CF5EDAE624DC8C5900B74E14 /* Mini Project Dos.app */;
			productType = "com.apple.product-type.application";
		};
/* End PBXNativeTarget section */

/* Begin PBXProject section */
		CF5EDADE24DC8C5900B74E14 /* Project object */ = {
			isa = PBXProject;
			attributes = {
				LastSwiftUpdateCheck = 1160;
				LastUpgradeCheck = 1160;
				ORGANIZATIONNAME = "Carly Wenig";
				TargetAttributes = {
					CF5EDAE524DC8C5900B74E14 = {
						CreatedOnToolsVersion = 11.6;
					};
				};
			};
			buildConfigurationList = CF5EDAE124DC8C5900B74E14 /* Build configuration list for PBXProject "Mini Project Dos" */;
			compatibilityVersion = "Xcode 9.3";
			developmentRegion = en;
			hasScannedForEncodings = 0;
			knownRegions = (
				en,
				Base,
			);
			mainGroup = CF5EDADD24DC8C5900B74E14;
			productRefGroup = CF5EDAE724DC8C5900B74E14 /* Products */;
			projectDirPath = "";
			projectRoot = "";
			targets = (
				CF5EDAE524DC8C5900B74E14 /* Mini Project Dos */,
			);
		};
/* End PBXProject section */

/* Begin PBXResourcesBuildPhase section */
		CF5EDAE424DC8C5900B74E14 /* Resources */ = {
			isa = PBXResourcesBuildPhase;
			buildActionMask = 2147483647;
			files = (
				CF5EDAF624DC8C5B00B74E14 /* LaunchScreen.storyboard in Resources */,
				CF5EDAF324DC8C5B00B74E14 /* Assets.xcassets in Resources */,
				CF5EDAF124DC8C5900B74E14 /* Main.storyboard in Resources */,
			);
			runOnlyForDeploymentPostprocessing = 0;
		};
/* End PBXResourcesBuildPhase section */

/* Begin PBXSourcesBuildPhase section */
		CF5EDAE224DC8C5900B74E14 /* Sources */ = {
			isa = PBXSourcesBuildPhase;
			buildActionMask = 2147483647;
			files = (
				CF5EDAFE24DC8CC100B74E14 /* secondViewController.swift in Sources */,
				CF5EDAEE24DC8C5900B74E14 /* ViewController.swift in Sources */,
				CF5EDB0024DC8CE900B74E14 /* thirdViewController.swift in Sources */,
				CF5EDAEA24DC8C5900B74E14 /* AppDelegate.swift in Sources */,
				CF5EDAEC24DC8C5900B74E14 /* SceneDelegate.swift in Sources */,
			);
			runOnlyForDeploymentPostprocessing = 0;
		};
/* End PBXSourcesBuildPhase section */

/* Begin PBXVariantGroup section */
		CF5EDAEF24DC8C5900B74E14 /* Main.storyboard */ = {
			isa = PBXVariantGroup;
			children = (
				CF5EDAF024DC8C5900B74E14 /* Base */,
			);
			name = Main.storyboard;
			sourceTree = "<group>";
		};
		CF5EDAF424DC8C5B00B74E14 /* LaunchScreen.storyboard */ = {
			isa = PBXVariantGroup;
			children = (
				CF5EDAF524DC8C5B00B74E14 /* Base */,
			);
			name = LaunchScreen.storyboard;
			sourceTree = "<group>";
		};
/* End PBXVariantGroup section */

/* Begin XCBuildConfiguration section */
		CF5EDAF824DC8C5B00B74E14 /* Debug */ = {
			isa = XCBuildConfiguration;
			buildSettings = {
				ALWAYS_SEARCH_USER_PATHS = NO;
				CLANG_ANALYZER_NONNULL = YES;
				CLANG_ANALYZER_NUMBER_OBJECT_CONVERSION = YES_AGGRESSIVE;
				CLANG_CXX_LANGUAGE_STANDARD = "gnu++14";
				CLANG_CXX_LIBRARY = "libc++";
				CLANG_ENABLE_MODULES = YES;
				CLANG_ENABLE_OBJC_ARC = YES;
				CLANG_ENABLE_OBJC_WEAK = YES;
				CLANG_WARN_BLOCK_CAPTURE_AUTORELEASING = YES;
				CLANG_WARN_BOOL_CONVERSION = YES;
				CLANG_WARN_COMMA = YES;
				CLANG_WARN_CONSTANT_CONVERSION = YES;
				CLANG_WARN_DEPRECATED_OBJC_IMPLEMENTATIONS = YES;
				CLANG_WARN_DIRECT_OBJC_ISA_USAGE = YES_ERROR;
				CLANG_WARN_DOCUMENTATION_COMMENTS = YES;
				CLANG_WARN_EMPTY_BODY = YES;
				CLANG_WARN_ENUM_CONVERSION = YES;
				CLANG_WARN_INFINITE_RECURSION = YES;
				CLANG_WARN_INT_CONVERSION = YES;
				CLANG_WARN_NON_LITERAL_NULL_CONVERSION = YES;
				CLANG_WARN_OBJC_IMPLICIT_RETAIN_SELF = YES;
				CLANG_WARN_OBJC_LITERAL_CONVERSION = YES;
				CLANG_WARN_OBJC_ROOT_CLASS = YES_ERROR;
				CLANG_WARN_RANGE_LOOP_ANALYSIS = YES;
				CLANG_WARN_STRICT_PROTOTYPES = YES;
				CLANG_WARN_SUSPICIOUS_MOVE = YES;
				CLANG_WARN_UNGUARDED_AVAILABILITY = YES_AGGRESSIVE;
				CLANG_WARN_UNREACHABLE_CODE = YES;
				CLANG_WARN__DUPLICATE_METHOD_MATCH = YES;
				COPY_PHASE_STRIP = NO;
				DEBUG_INFORMATION_FORMAT = dwarf;
				ENABLE_STRICT_OBJC_MSGSEND = YES;
				ENABLE_TESTABILITY = YES;
				GCC_C_LANGUAGE_STANDARD = gnu11;
				GCC_DYNAMIC_NO_PIC = NO;
				GCC_NO_COMMON_BLOCKS = YES;
				GCC_OPTIMIZATION_LEVEL = 0;
				GCC_PREPROCESSOR_DEFINITIONS = (
					"DEBUG=1",
					"$(inherited)",
				);
				GCC_WARN_64_TO_32_BIT_CONVERSION = YES;
				GCC_WARN_ABOUT_RETURN_TYPE = YES_ERROR;
				GCC_WARN_UNDECLARED_SELECTOR = YES;
				GCC_WARN_UNINITIALIZED_AUTOS = YES_AGGRESSIVE;
				GCC_WARN_UNUSED_FUNCTION = YES;
				GCC_WARN_UNUSED_VARIABLE = YES;
				IPHONEOS_DEPLOYMENT_TARGET = 13.6;
				MTL_ENABLE_DEBUG_INFO = INCLUDE_SOURCE;
				MTL_FAST_MATH = YES;
				ONLY_ACTIVE_ARCH = YES;
				SDKROOT = iphoneos;
				SWIFT_ACTIVE_COMPILATION_CONDITIONS = DEBUG;
				SWIFT_OPTIMIZATION_LEVEL = "-Onone";
			};
			name = Debug;
		};
		CF5EDAF924DC8C5B00B74E14 /* Release */ = {
			isa = XCBuildConfiguration;
			buildSettings = {
				ALWAYS_SEARCH_USER_PATHS = NO;
				CLANG_ANALYZER_NONNULL = YES;
				CLANG_ANALYZER_NUMBER_OBJECT_CONVERSION = YES_AGGRESSIVE;
				CLANG_CXX_LANGUAGE_STANDARD = "gnu++14";
				CLANG_CXX_LIBRARY = "libc++";
				CLANG_ENABLE_MODULES = YES;
				CLANG_ENABLE_OBJC_ARC = YES;
				CLANG_ENABLE_OBJC_WEAK = YES;
				CLANG_WARN_BLOCK_CAPTURE_AUTORELEASING = YES;
				CLANG_WARN_BOOL_CONVERSION = YES;
				CLANG_WARN_COMMA = YES;
				CLANG_WARN_CONSTANT_CONVERSION = YES;
				CLANG_WARN_DEPRECATED_OBJC_IMPLEMENTATIONS = YES;
				CLANG_WARN_DIRECT_OBJC_ISA_USAGE = YES_ERROR;
				CLANG_WARN_DOCUMENTATION_COMMENTS = YES;
				CLANG_WARN_EMPTY_BODY = YES;
				CLANG_WARN_ENUM_CONVERSION = YES;
				CLANG_WARN_INFINITE_RECURSION = YES;
				CLANG_WARN_INT_CONVERSION = YES;
				CLANG_WARN_NON_LITERAL_NULL_CONVERSION = YES;
				CLANG_WARN_OBJC_IMPLICIT_RETAIN_SELF = YES;
				CLANG_WARN_OBJC_LITERAL_CONVERSION = YES;
				CLANG_WARN_OBJC_ROOT_CLASS = YES_ERROR;
				CLANG_WARN_RANGE_LOOP_ANALYSIS = YES;
				CLANG_WARN_STRICT_PROTOTYPES = YES;
				CLANG_WARN_SUSPICIOUS_MOVE = YES;
				CLANG_WARN_UNGUARDED_AVAILABILITY = YES_AGGRESSIVE;
				CLANG_WARN_UNREACHABLE_CODE = YES;
				CLANG_WARN__DUPLICATE_METHOD_MATCH = YES;
				COPY_PHASE_STRIP = NO;
				DEBUG_INFORMATION_FORMAT = "dwarf-with-dsym";
				ENABLE_NS_ASSERTIONS = NO;
				ENABLE_STRICT_OBJC_MSGSEND = YES;
				GCC_C_LANGUAGE_STANDARD = gnu11;
				GCC_NO_COMMON_BLOCKS = YES;
				GCC_WARN_64_TO_32_BIT_CONVERSION = YES;
				GCC_WARN_ABOUT_RETURN_TYPE = YES_ERROR;
				GCC_WARN_UNDECLARED_SELECTOR = YES;
				GCC_WARN_UNINITIALIZED_AUTOS = YES_AGGRESSIVE;
				GCC_WARN_UNUSED_FUNCTION = YES;
				GCC_WARN_UNUSED_VARIABLE = YES;
				IPHONEOS_DEPLOYMENT_TARGET = 13.6;
				MTL_ENABLE_DEBUG_INFO = NO;
				MTL_FAST_MATH = YES;
				SDKROOT = iphoneos;
				SWIFT_COMPILATION_MODE = wholemodule;
				SWIFT_OPTIMIZATION_LEVEL = "-O";
				VALIDATE_PRODUCT = YES;
			};
			name = Release;
		};
		CF5EDAFB24DC8C5B00B74E14 /* Debug */ = {
			isa = XCBuildConfiguration;
			buildSettings = {
				ASSETCATALOG_COMPILER_APPICON_NAME = AppIcon;
				CODE_SIGN_STYLE = Automatic;
				DEVELOPMENT_TEAM = GR52CMF395;
				INFOPLIST_FILE = "Mini Project Dos/Info.plist";
				LD_RUNPATH_SEARCH_PATHS = (
					"$(inherited)",
					"@executable_path/Frameworks",
				);
				PRODUCT_BUNDLE_IDENTIFIER = "KWK.Mini-Project-Dos";
				PRODUCT_NAME = "$(TARGET_NAME)";
				SWIFT_VERSION = 5.0;
				TARGETED_DEVICE_FAMILY = "1,2";
			};
			name = Debug;
		};
		CF5EDAFC24DC8C5B00B74E14 /* Release */ = {
			isa = XCBuildConfiguration;
			buildSettings = {
				ASSETCATALOG_COMPILER_APPICON_NAME = AppIcon;
				CODE_SIGN_STYLE = Automatic;
				DEVELOPMENT_TEAM = GR52CMF395;
				INFOPLIST_FILE = "Mini Project Dos/Info.plist";
				LD_RUNPATH_SEARCH_PATHS = (
					"$(inherited)",
					"@executable_path/Frameworks",
				);
				PRODUCT_BUNDLE_IDENTIFIER = "KWK.Mini-Project-Dos";
				PRODUCT_NAME = "$(TARGET_NAME)";
				SWIFT_VERSION = 5.0;
				TARGETED_DEVICE_FAMILY = "1,2";
			};
			name = Release;
		};
/* End XCBuildConfiguration section */

/* Begin XCConfigurationList section */
		CF5EDAE124DC8C5900B74E14 /* Build configuration list for PBXProject "Mini Project Dos" */ = {
			isa = XCConfigurationList;
			buildConfigurations = (
				CF5EDAF824DC8C5B00B74E14 /* Debug */,
				CF5EDAF924DC8C5B00B74E14 /* Release */,
			);
			defaultConfigurationIsVisible = 0;
			defaultConfigurationName = Release;
		};
		CF5EDAFA24DC8C5B00B74E14 /* Build configuration list for PBXNativeTarget "Mini Project Dos" */ = {
			isa = XCConfigurationList;
			buildConfigurations = (
				CF5EDAFB24DC8C5B00B74E14 /* Debug */,
				CF5EDAFC24DC8C5B00B74E14 /* Release */,
			);
			defaultConfigurationIsVisible = 0;
			defaultConfigurationName = Release;
		};
/* End XCConfigurationList section */
	};
	rootObject = CF5EDADE24DC8C5900B74E14 /* Project object */;
}
